
Microsoft Visual Studio Solution File, Format Version 12.00
# Visual Studio Version 17
VisualStudioVersion = 17.7.33808.371
MinimumVisualStudioVersion = 10.0.40219.1
Project("{9A19103F-16F7-4668-BE54-9A1E7A4F7556}") = "RiptideEngine.Core", "RiptideEngine.Core\RiptideEngine.Core.csproj", "{9295B36D-0E98-4E01-9FCC-533B84142AD1}"
EndProject
Project("{9A19103F-16F7-4668-BE54-9A1E7A4F7556}") = "RiptideRendering", "RiptideRendering\RiptideRendering.csproj", "{C259D5D9-B345-480A-AA9E-8E956F44C992}"
EndProject
Project("{9A19103F-16F7-4668-BE54-9A1E7A4F7556}") = "RiptideEngine.Audio", "RiptideEngine.Audio\RiptideEngine.Audio.csproj", "{8BF4AC74-52A4-4916-861A-FD23BED13340}"
EndProject
Project("{9A19103F-16F7-4668-BE54-9A1E7A4F7556}") = "RiptidePlayer", "RiptidePlayer\RiptidePlayer.csproj", "{E096AF68-B430-4FA5-A84B-6CE54654E13F}"
EndProject
Project("{9A19103F-16F7-4668-BE54-9A1E7A4F7556}") = "RiptideEngine.SceneGraph", "RiptideEngine.SceneGraph\RiptideEngine.SceneGraph.csproj", "{E0452F5F-2E80-4A23-A42A-0A4649E5B8C2}"
EndProject
Project("{9A19103F-16F7-4668-BE54-9A1E7A4F7556}") = "RiptideEditor", "RiptideEditor\RiptideEditor.csproj", "{96A10D62-3D32-48B8-A663-0DB137DD374B}"
EndProject
Project("{9A19103F-16F7-4668-BE54-9A1E7A4F7556}") = "RiptideFoundation", "RiptideFoundation\RiptideFoundation.csproj", "{1A7F6C1C-1F56-4CA1-872F-9EE531BB5208}"
EndProject
Project("{9A19103F-16F7-4668-BE54-9A1E7A4F7556}") = "RiptideMathematics", "RiptideMathematics\RiptideMathematics.csproj", "{B1CB47FC-11AE-44FD-BA56-2571D47249DB}"
EndProject
Project("{9A19103F-16F7-4668-BE54-9A1E7A4F7556}") = "RiptideDatabase", "RiptideDatabase\RiptideDatabase.csproj", "{61A7E5E5-9E03-487B-BCFD-554FCB7F8B8D}"
EndProject
Project("{FAE04EC0-301F-11D3-BF4B-00C04F79EFBC}") = "FontRenderingExperiment", "FontRenderingExperiment\FontRenderingExperiment.csproj", "{49D73A6E-9F1A-441A-A138-587965D1B981}"
EndProject
Project("{2150E333-8FDC-42A3-9474-1A3956D46DE8}") = "Laboratory", "Laboratory", "{C457B1CE-D308-441B-8148-BCFB764F0F87}"
EndProject
Project("{2150E333-8FDC-42A3-9474-1A3956D46DE8}") = "Low Level", "Low Level", "{459619CB-21B5-437B-86A3-CEE66943C946}"
EndProject
Project("{FAE04EC0-301F-11D3-BF4B-00C04F79EFBC}") = "Riptide.TextEngine", "Riptide.TextEngine\Riptide.TextEngine.csproj", "{15D45E7F-6204-4A2C-BDE8-B774CE48F798}"
EndProject
Project("{FAE04EC0-301F-11D3-BF4B-00C04F79EFBC}") = "RiptideEditorV2", "RiptideEditorV2\RiptideEditorV2.csproj", "{331C5F94-91E9-44C2-829F-6B8C5B2201E9}"
EndProject
Project("{FAE04EC0-301F-11D3-BF4B-00C04F79EFBC}") = "Riptide.ShaderCompilation", "Riptide.ShaderCompilation\Riptide.ShaderCompilation.csproj", "{9908E207-C586-433A-9AD2-CBE057BADE51}"
EndProject
Project("{FAE04EC0-301F-11D3-BF4B-00C04F79EFBC}") = "RenderingApiExperiment", "RenderingApiExperiment\RenderingApiExperiment.csproj", "{C88728B5-1DF5-4B8B-BD27-336AAE0DFBD4}"
EndProject
Global
	GlobalSection(SolutionConfigurationPlatforms) = preSolution
		Debug|Any CPU = Debug|Any CPU
		Release|Any CPU = Release|Any CPU
	EndGlobalSection
	GlobalSection(ProjectConfigurationPlatforms) = postSolution
		{9295B36D-0E98-4E01-9FCC-533B84142AD1}.Debug|Any CPU.ActiveCfg = Debug|Any CPU
		{9295B36D-0E98-4E01-9FCC-533B84142AD1}.Debug|Any CPU.Build.0 = Debug|Any CPU
		{9295B36D-0E98-4E01-9FCC-533B84142AD1}.Release|Any CPU.ActiveCfg = Release|Any CPU
		{9295B36D-0E98-4E01-9FCC-533B84142AD1}.Release|Any CPU.Build.0 = Release|Any CPU
		{C259D5D9-B345-480A-AA9E-8E956F44C992}.Debug|Any CPU.ActiveCfg = Debug|Any CPU
		{C259D5D9-B345-480A-AA9E-8E956F44C992}.Debug|Any CPU.Build.0 = Debug|Any CPU
		{C259D5D9-B345-480A-AA9E-8E956F44C992}.Release|Any CPU.ActiveCfg = Release|Any CPU
		{C259D5D9-B345-480A-AA9E-8E956F44C992}.Release|Any CPU.Build.0 = Release|Any CPU
		{8BF4AC74-52A4-4916-861A-FD23BED13340}.Debug|Any CPU.ActiveCfg = Debug|Any CPU
		{8BF4AC74-52A4-4916-861A-FD23BED13340}.Debug|Any CPU.Build.0 = Debug|Any CPU
		{8BF4AC74-52A4-4916-861A-FD23BED13340}.Release|Any CPU.ActiveCfg = Release|Any CPU
		{8BF4AC74-52A4-4916-861A-FD23BED13340}.Release|Any CPU.Build.0 = Release|Any CPU
		{E096AF68-B430-4FA5-A84B-6CE54654E13F}.Debug|Any CPU.ActiveCfg = Debug|Any CPU
		{E096AF68-B430-4FA5-A84B-6CE54654E13F}.Debug|Any CPU.Build.0 = Debug|Any CPU
		{E096AF68-B430-4FA5-A84B-6CE54654E13F}.Release|Any CPU.ActiveCfg = Release|Any CPU
		{E096AF68-B430-4FA5-A84B-6CE54654E13F}.Release|Any CPU.Build.0 = Release|Any CPU
		{E0452F5F-2E80-4A23-A42A-0A4649E5B8C2}.Debug|Any CPU.ActiveCfg = Debug|Any CPU
		{E0452F5F-2E80-4A23-A42A-0A4649E5B8C2}.Debug|Any CPU.Build.0 = Debug|Any CPU
		{E0452F5F-2E80-4A23-A42A-0A4649E5B8C2}.Release|Any CPU.ActiveCfg = Release|Any CPU
		{E0452F5F-2E80-4A23-A42A-0A4649E5B8C2}.Release|Any CPU.Build.0 = Release|Any CPU
		{96A10D62-3D32-48B8-A663-0DB137DD374B}.Debug|Any CPU.ActiveCfg = Debug|Any CPU
		{96A10D62-3D32-48B8-A663-0DB137DD374B}.Debug|Any CPU.Build.0 = Debug|Any CPU
		{96A10D62-3D32-48B8-A663-0DB137DD374B}.Release|Any CPU.ActiveCfg = Release|Any CPU
		{96A10D62-3D32-48B8-A663-0DB137DD374B}.Release|Any CPU.Build.0 = Release|Any CPU
		{1A7F6C1C-1F56-4CA1-872F-9EE531BB5208}.Debug|Any CPU.ActiveCfg = Debug|Any CPU
		{1A7F6C1C-1F56-4CA1-872F-9EE531BB5208}.Debug|Any CPU.Build.0 = Debug|Any CPU
		{1A7F6C1C-1F56-4CA1-872F-9EE531BB5208}.Release|Any CPU.ActiveCfg = Release|Any CPU
		{1A7F6C1C-1F56-4CA1-872F-9EE531BB5208}.Release|Any CPU.Build.0 = Release|Any CPU
		{B1CB47FC-11AE-44FD-BA56-2571D47249DB}.Debug|Any CPU.ActiveCfg = Debug|Any CPU
		{B1CB47FC-11AE-44FD-BA56-2571D47249DB}.Debug|Any CPU.Build.0 = Debug|Any CPU
		{B1CB47FC-11AE-44FD-BA56-2571D47249DB}.Release|Any CPU.ActiveCfg = Release|Any CPU
		{B1CB47FC-11AE-44FD-BA56-2571D47249DB}.Release|Any CPU.Build.0 = Release|Any CPU
		{61A7E5E5-9E03-487B-BCFD-554FCB7F8B8D}.Debug|Any CPU.ActiveCfg = Debug|Any CPU
		{61A7E5E5-9E03-487B-BCFD-554FCB7F8B8D}.Debug|Any CPU.Build.0 = Debug|Any CPU
		{61A7E5E5-9E03-487B-BCFD-554FCB7F8B8D}.Release|Any CPU.ActiveCfg = Release|Any CPU
		{61A7E5E5-9E03-487B-BCFD-554FCB7F8B8D}.Release|Any CPU.Build.0 = Release|Any CPU
		{49D73A6E-9F1A-441A-A138-587965D1B981}.Debug|Any CPU.ActiveCfg = Debug|Any CPU
		{49D73A6E-9F1A-441A-A138-587965D1B981}.Debug|Any CPU.Build.0 = Debug|Any CPU
		{49D73A6E-9F1A-441A-A138-587965D1B981}.Release|Any CPU.ActiveCfg = Release|Any CPU
		{49D73A6E-9F1A-441A-A138-587965D1B981}.Release|Any CPU.Build.0 = Release|Any CPU
		{15D45E7F-6204-4A2C-BDE8-B774CE48F798}.Debug|Any CPU.ActiveCfg = Debug|Any CPU
		{15D45E7F-6204-4A2C-BDE8-B774CE48F798}.Debug|Any CPU.Build.0 = Debug|Any CPU
		{15D45E7F-6204-4A2C-BDE8-B774CE48F798}.Release|Any CPU.ActiveCfg = Release|Any CPU
		{15D45E7F-6204-4A2C-BDE8-B774CE48F798}.Release|Any CPU.Build.0 = Release|Any CPU
		{331C5F94-91E9-44C2-829F-6B8C5B2201E9}.Debug|Any CPU.ActiveCfg = Debug|Any CPU
		{331C5F94-91E9-44C2-829F-6B8C5B2201E9}.Debug|Any CPU.Build.0 = Debug|Any CPU
		{331C5F94-91E9-44C2-829F-6B8C5B2201E9}.Release|Any CPU.ActiveCfg = Release|Any CPU
		{331C5F94-91E9-44C2-829F-6B8C5B2201E9}.Release|Any CPU.Build.0 = Release|Any CPU
		{9908E207-C586-433A-9AD2-CBE057BADE51}.Debug|Any CPU.ActiveCfg = Debug|Any CPU
		{9908E207-C586-433A-9AD2-CBE057BADE51}.Debug|Any CPU.Build.0 = Debug|Any CPU
		{9908E207-C586-433A-9AD2-CBE057BADE51}.Release|Any CPU.ActiveCfg = Release|Any CPU
		{9908E207-C586-433A-9AD2-CBE057BADE51}.Release|Any CPU.Build.0 = Release|Any CPU
		{C88728B5-1DF5-4B8B-BD27-336AAE0DFBD4}.Debug|Any CPU.ActiveCfg = Debug|Any CPU
		{C88728B5-1DF5-4B8B-BD27-336AAE0DFBD4}.Debug|Any CPU.Build.0 = Debug|Any CPU
		{C88728B5-1DF5-4B8B-BD27-336AAE0DFBD4}.Release|Any CPU.ActiveCfg = Release|Any CPU
		{C88728B5-1DF5-4B8B-BD27-336AAE0DFBD4}.Release|Any CPU.Build.0 = Release|Any CPU
	EndGlobalSection
	GlobalSection(SolutionProperties) = preSolution
		HideSolutionNode = FALSE
	EndGlobalSection
	GlobalSection(NestedProjects) = preSolution
		{49D73A6E-9F1A-441A-A138-587965D1B981} = {C457B1CE-D308-441B-8148-BCFB764F0F87}
		{15D45E7F-6204-4A2C-BDE8-B774CE48F798} = {459619CB-21B5-437B-86A3-CEE66943C946}
		{9908E207-C586-433A-9AD2-CBE057BADE51} = {459619CB-21B5-437B-86A3-CEE66943C946}
		{C88728B5-1DF5-4B8B-BD27-336AAE0DFBD4} = {C457B1CE-D308-441B-8148-BCFB764F0F87}
	EndGlobalSection
	GlobalSection(ExtensibilityGlobals) = postSolution
		SolutionGuid = {C3FE0A5F-E092-40B5-B030-02652A84AB3A}
	EndGlobalSection
EndGlobal
